
Microsoft Visual Studio Solution File, Format Version 12.00
# Visual Studio 14
VisualStudioVersion = 14.0.25420.1
MinimumVisualStudioVersion = 10.0.40219.1
Project("{8BC9CEB8-8B4A-11D0-8D11-00A0C91BC942}") = "Q4", "Q4\Q4.vcxproj", "{2DC9603E-8380-4DE5-8090-2AF19C5151AE}"
EndProject
Project("{8BC9CEB8-8B4A-11D0-8D11-00A0C91BC942}") = "Q5-1", "Q5-1\Q5-1.vcxproj", "{6A006BCC-5E4A-4D8A-93BD-A7A89B5BF2BC}"
EndProject
Project("{8BC9CEB8-8B4A-11D0-8D11-00A0C91BC942}") = "Q5-2", "Q5-2\Q5-2.vcxproj", "{48A4CEF3-A29C-4380-8018-2B9BA620EDFD}"
EndProject
Project("{8BC9CEB8-8B4A-11D0-8D11-00A0C91BC942}") = "Q6", "Q6\Q6.vcxproj", "{75931035-E79D-46A0-B90C-917D43552DEF}"
EndProject
Global
	GlobalSection(SolutionConfigurationPlatforms) = preSolution
		Debug|x64 = Debug|x64
		Debug|x86 = Debug|x86
		Release|x64 = Release|x64
		Release|x86 = Release|x86
	EndGlobalSection
	GlobalSection(ProjectConfigurationPlatforms) = postSolution
		{2DC9603E-8380-4DE5-8090-2AF19C5151AE}.Debug|x64.ActiveCfg = Debug|x64
		{2DC9603E-8380-4DE5-8090-2AF19C5151AE}.Debug|x64.Build.0 = Debug|x64
		{2DC9603E-8380-4DE5-8090-2AF19C5151AE}.Debug|x86.ActiveCfg = Debug|Win32
		{2DC9603E-8380-4DE5-8090-2AF19C5151AE}.Debug|x86.Build.0 = Debug|Win32
		{2DC9603E-8380-4DE5-8090-2AF19C5151AE}.Release|x64.ActiveCfg = Release|x64
		{2DC9603E-8380-4DE5-8090-2AF19C5151AE}.Release|x64.Build.0 = Release|x64
		{2DC9603E-8380-4DE5-8090-2AF19C5151AE}.Release|x86.ActiveCfg = Release|Win32
		{2DC9603E-8380-4DE5-8090-2AF19C5151AE}.Release|x86.Build.0 = Release|Win32
		{6A006BCC-5E4A-4D8A-93BD-A7A89B5BF2BC}.Debug|x64.ActiveCfg = Debug|x64
		{6A006BCC-5E4A-4D8A-93BD-A7A89B5BF2BC}.Debug|x64.Build.0 = Debug|x64
		{6A006BCC-5E4A-4D8A-93BD-A7A89B5BF2BC}.Debug|x86.ActiveCfg = Debug|Win32
		{6A006BCC-5E4A-4D8A-93BD-A7A89B5BF2BC}.Debug|x86.Build.0 = Debug|Win32
		{6A006BCC-5E4A-4D8A-93BD-A7A89B5BF2BC}.Release|x64.ActiveCfg = Release|x64
		{6A006BCC-5E4A-4D8A-93BD-A7A89B5BF2BC}.Release|x64.Build.0 = Release|x64
		{6A006BCC-5E4A-4D8A-93BD-A7A89B5BF2BC}.Release|x86.ActiveCfg = Release|Win32
		{6A006BCC-5E4A-4D8A-93BD-A7A89B5BF2BC}.Release|x86.Build.0 = Release|Win32
		{48A4CEF3-A29C-4380-8018-2B9BA620EDFD}.Debug|x64.ActiveCfg = Debug|x64
		{48A4CEF3-A29C-4380-8018-2B9BA620EDFD}.Debug|x64.Build.0 = Debug|x64
		{48A4CEF3-A29C-4380-8018-2B9BA620EDFD}.Debug|x86.ActiveCfg = Debug|Win32
		{48A4CEF3-A29C-4380-8018-2B9BA620EDFD}.Debug|x86.Build.0 = Debug|Win32
		{48A4CEF3-A29C-4380-8018-2B9BA620EDFD}.Release|x64.ActiveCfg = Release|x64
		{48A4CEF3-A29C-4380-8018-2B9BA620EDFD}.Release|x64.Build.0 = Release|x64
		{48A4CEF3-A29C-4380-8018-2B9BA620EDFD}.Release|x86.ActiveCfg = Release|Win32
		{48A4CEF3-A29C-4380-8018-2B9BA620EDFD}.Release|x86.Build.0 = Release|Win32
		{75931035-E79D-46A0-B90C-917D43552DEF}.Debug|x64.ActiveCfg = Debug|x64
		{75931035-E79D-46A0-B90C-917D43552DEF}.Debug|x64.Build.0 = Debug|x64
		{75931035-E79D-46A0-B90C-917D43552DEF}.Debug|x86.ActiveCfg = Debug|Win32
		{75931035-E79D-46A0-B90C-917D43552DEF}.Debug|x86.Build.0 = Debug|Win32
		{75931035-E79D-46A0-B90C-917D43552DEF}.Release|x64.ActiveCfg = Release|x64
		{75931035-E79D-46A0-B90C-917D43552DEF}.Release|x64.Build.0 = Release|x64
		{75931035-E79D-46A0-B90C-917D43552DEF}.Release|x86.ActiveCfg = Release|Win32
		{75931035-E79D-46A0-B90C-917D43552DEF}.Release|x86.Build.0 = Release|Win32
	EndGlobalSection
	GlobalSection(SolutionProperties) = preSolution
		HideSolutionNode = FALSE
	EndGlobalSection
EndGlobal
